
Microsoft Visual Studio Solution File, Format Version 12.00
# Visual Studio Version 16
VisualStudioVersion = 16.0.31129.286
MinimumVisualStudioVersion = 10.0.40219.1
Project("{9A19103F-16F7-4668-BE54-9A1E7A4F7556}") = "git", "git\git.csproj", "{16C00DE3-921B-4F3C-976B-73FEB0F27E1A}"
EndProject
Project("{9A19103F-16F7-4668-BE54-9A1E7A4F7556}") = "SortingAlgorythms", "SortingAlgorythms\SortingAlgorythms.csproj", "{113CB07A-E0E3-47DF-AB21-921634D0A499}"
EndProject
Project("{FAE04EC0-301F-11D3-BF4B-00C04F79EFBC}") = "ObjectOriented", "ObjectOriented\ObjectOriented.csproj", "{B2380771-CC1A-4830-A010-8A3B000CC3FD}"
EndProject
Global
	GlobalSection(SolutionConfigurationPlatforms) = preSolution
		Debug|Any CPU = Debug|Any CPU
		Release|Any CPU = Release|Any CPU
	EndGlobalSection
	GlobalSection(ProjectConfigurationPlatforms) = postSolution
		{16C00DE3-921B-4F3C-976B-73FEB0F27E1A}.Debug|Any CPU.ActiveCfg = Debug|Any CPU
		{16C00DE3-921B-4F3C-976B-73FEB0F27E1A}.Debug|Any CPU.Build.0 = Debug|Any CPU
		{16C00DE3-921B-4F3C-976B-73FEB0F27E1A}.Release|Any CPU.ActiveCfg = Release|Any CPU
		{16C00DE3-921B-4F3C-976B-73FEB0F27E1A}.Release|Any CPU.Build.0 = Release|Any CPU
		{113CB07A-E0E3-47DF-AB21-921634D0A499}.Debug|Any CPU.ActiveCfg = Debug|Any CPU
		{113CB07A-E0E3-47DF-AB21-921634D0A499}.Debug|Any CPU.Build.0 = Debug|Any CPU
		{113CB07A-E0E3-47DF-AB21-921634D0A499}.Release|Any CPU.ActiveCfg = Release|Any CPU
		{113CB07A-E0E3-47DF-AB21-921634D0A499}.Release|Any CPU.Build.0 = Release|Any CPU
		{B2380771-CC1A-4830-A010-8A3B000CC3FD}.Debug|Any CPU.ActiveCfg = Debug|Any CPU
		{B2380771-CC1A-4830-A010-8A3B000CC3FD}.Debug|Any CPU.Build.0 = Debug|Any CPU
		{B2380771-CC1A-4830-A010-8A3B000CC3FD}.Release|Any CPU.ActiveCfg = Release|Any CPU
		{B2380771-CC1A-4830-A010-8A3B000CC3FD}.Release|Any CPU.Build.0 = Release|Any CPU
	EndGlobalSection
	GlobalSection(SolutionProperties) = preSolution
		HideSolutionNode = FALSE
	EndGlobalSection
	GlobalSection(ExtensibilityGlobals) = postSolution
		SolutionGuid = {12A4DD43-FB73-4C5C-B0C2-C6F873936440}
	EndGlobalSection
EndGlobal
